
Microsoft Visual Studio Solution File, Format Version 10.00
# Visual Studio 2008
Project("{E24C65DC-7377-472B-9ABA-BC803B73C61A}") = "ELAW", "ELAW", "{8F7BE6FC-CF88-4A16-ACCE-A20BDBFCBAFF}"
	ProjectSection(WebsiteProperties) = preProject
		SccProjectName = ""
		SccAuxPath = ""
		SccLocalPath = ""
		SccProvider = ""
		TargetFramework = "3.5"
		Debug.AspNetCompiler.VirtualPath = "/ELAW"
		Debug.AspNetCompiler.PhysicalPath = "ELAW\"
		Debug.AspNetCompiler.TargetPath = "PrecompiledWeb\ELAW\"
		Debug.AspNetCompiler.Updateable = "true"
		Debug.AspNetCompiler.ForceOverwrite = "true"
		Debug.AspNetCompiler.FixedNames = "false"
		Debug.AspNetCompiler.Debug = "True"
		Release.AspNetCompiler.VirtualPath = "/ELAW"
		Release.AspNetCompiler.PhysicalPath = "ELAW\"
		Release.AspNetCompiler.TargetPath = "PrecompiledWeb\ELAW\"
		Release.AspNetCompiler.Updateable = "true"
		Release.AspNetCompiler.ForceOverwrite = "true"
		Release.AspNetCompiler.FixedNames = "false"
		Release.AspNetCompiler.Debug = "False"
		VWDPort = "49319"
	EndProjectSection
EndProject
Project("{E24C65DC-7377-472B-9ABA-BC803B73C61A}") = "ELAWINFO", "ELAWINFO", "{6B9C822F-BC38-4657-8D8C-2818215F435C}"
	ProjectSection(WebsiteProperties) = preProject
		SccProjectName = ""
		SccAuxPath = ""
		SccLocalPath = ""
		SccProvider = ""
		TargetFramework = "3.5"
		Debug.AspNetCompiler.VirtualPath = "/ELAWINFO"
		Debug.AspNetCompiler.PhysicalPath = "ELAWINFO\"
		Debug.AspNetCompiler.TargetPath = "PrecompiledWeb\ELAWINFO\"
		Debug.AspNetCompiler.Updateable = "true"
		Debug.AspNetCompiler.ForceOverwrite = "true"
		Debug.AspNetCompiler.FixedNames = "false"
		Debug.AspNetCompiler.Debug = "True"
		Release.AspNetCompiler.VirtualPath = "/ELAWINFO"
		Release.AspNetCompiler.PhysicalPath = "ELAWINFO\"
		Release.AspNetCompiler.TargetPath = "PrecompiledWeb\ELAWINFO\"
		Release.AspNetCompiler.Updateable = "true"
		Release.AspNetCompiler.ForceOverwrite = "true"
		Release.AspNetCompiler.FixedNames = "false"
		Release.AspNetCompiler.Debug = "False"
		VWDPort = "49339"
	EndProjectSection
EndProject
Global
	GlobalSection(SolutionConfigurationPlatforms) = preSolution
		Debug|Any CPU = Debug|Any CPU
	EndGlobalSection
	GlobalSection(ProjectConfigurationPlatforms) = postSolution
		{8F7BE6FC-CF88-4A16-ACCE-A20BDBFCBAFF}.Debug|Any CPU.ActiveCfg = Debug|Any CPU
		{8F7BE6FC-CF88-4A16-ACCE-A20BDBFCBAFF}.Debug|Any CPU.Build.0 = Debug|Any CPU
		{6B9C822F-BC38-4657-8D8C-2818215F435C}.Debug|Any CPU.ActiveCfg = Debug|Any CPU
		{6B9C822F-BC38-4657-8D8C-2818215F435C}.Debug|Any CPU.Build.0 = Debug|Any CPU
	EndGlobalSection
	GlobalSection(SolutionProperties) = preSolution
		HideSolutionNode = FALSE
	EndGlobalSection
EndGlobal
